
Microsoft Visual Studio Solution File, Format Version 12.00
# Visual Studio Version 17
VisualStudioVersion = 17.11.35327.3
MinimumVisualStudioVersion = 10.0.40219.1
Project("{FAE04EC0-301F-11D3-BF4B-00C04F79EFBC}") = "Pokedex", "Pokedex\Pokedex.csproj", "{E7F934C8-DFBC-48C9-A578-6C9EFA3E0E44}"
EndProject
Project("{FAE04EC0-301F-11D3-BF4B-00C04F79EFBC}") = "Database", "Database\Database.csproj", "{C65E5473-80FF-4A67-879D-00326C54942E}"
EndProject
Project("{FAE04EC0-301F-11D3-BF4B-00C04F79EFBC}") = "Application", "Application\Application.csproj", "{5ED28C2B-1D25-4204-9A81-4E8DB58E30E9}"
EndProject
Global
	GlobalSection(SolutionConfigurationPlatforms) = preSolution
		Debug|Any CPU = Debug|Any CPU
		Release|Any CPU = Release|Any CPU
	EndGlobalSection
	GlobalSection(ProjectConfigurationPlatforms) = postSolution
		{E7F934C8-DFBC-48C9-A578-6C9EFA3E0E44}.Debug|Any CPU.ActiveCfg = Debug|Any CPU
		{E7F934C8-DFBC-48C9-A578-6C9EFA3E0E44}.Debug|Any CPU.Build.0 = Debug|Any CPU
		{E7F934C8-DFBC-48C9-A578-6C9EFA3E0E44}.Release|Any CPU.ActiveCfg = Release|Any CPU
		{E7F934C8-DFBC-48C9-A578-6C9EFA3E0E44}.Release|Any CPU.Build.0 = Release|Any CPU
		{C65E5473-80FF-4A67-879D-00326C54942E}.Debug|Any CPU.ActiveCfg = Debug|Any CPU
		{C65E5473-80FF-4A67-879D-00326C54942E}.Debug|Any CPU.Build.0 = Debug|Any CPU
		{C65E5473-80FF-4A67-879D-00326C54942E}.Release|Any CPU.ActiveCfg = Release|Any CPU
		{C65E5473-80FF-4A67-879D-00326C54942E}.Release|Any CPU.Build.0 = Release|Any CPU
		{5ED28C2B-1D25-4204-9A81-4E8DB58E30E9}.Debug|Any CPU.ActiveCfg = Debug|Any CPU
		{5ED28C2B-1D25-4204-9A81-4E8DB58E30E9}.Debug|Any CPU.Build.0 = Debug|Any CPU
		{5ED28C2B-1D25-4204-9A81-4E8DB58E30E9}.Release|Any CPU.ActiveCfg = Release|Any CPU
		{5ED28C2B-1D25-4204-9A81-4E8DB58E30E9}.Release|Any CPU.Build.0 = Release|Any CPU
	EndGlobalSection
	GlobalSection(SolutionProperties) = preSolution
		HideSolutionNode = FALSE
	EndGlobalSection
	GlobalSection(ExtensibilityGlobals) = postSolution
		SolutionGuid = {7949F7C6-7704-46A4-80AA-459D334148FE}
	EndGlobalSection
EndGlobal
